
Microsoft Visual Studio Solution File, Format Version 12.00
# Visual Studio Version 17
VisualStudioVersion = 17.14.36109.1 d17.14
MinimumVisualStudioVersion = 10.0.40219.1
Project("{FAE04EC0-301F-11D3-BF4B-00C04F79EFBC}") = "AutoRentalSystem", "AutoRentalSystem\AutoRentalSystem.csproj", "{307E5153-53C3-4C5E-A47C-3E1DA8399B8E}"
EndProject
Global
	GlobalSection(SolutionConfigurationPlatforms) = preSolution
		Debug|Any CPU = Debug|Any CPU
		Release|Any CPU = Release|Any CPU
	EndGlobalSection
	GlobalSection(ProjectConfigurationPlatforms) = postSolution
		{307E5153-53C3-4C5E-A47C-3E1DA8399B8E}.Debug|Any CPU.ActiveCfg = Debug|Any CPU
		{307E5153-53C3-4C5E-A47C-3E1DA8399B8E}.Debug|Any CPU.Build.0 = Debug|Any CPU
		{307E5153-53C3-4C5E-A47C-3E1DA8399B8E}.Release|Any CPU.ActiveCfg = Release|Any CPU
		{307E5153-53C3-4C5E-A47C-3E1DA8399B8E}.Release|Any CPU.Build.0 = Release|Any CPU
	EndGlobalSection
	GlobalSection(SolutionProperties) = preSolution
		HideSolutionNode = FALSE
	EndGlobalSection
	GlobalSection(ExtensibilityGlobals) = postSolution
		SolutionGuid = {7FC2C82C-22CF-4C4A-AF15-22424285B48B}
	EndGlobalSection
EndGlobal
