Microsoft Visual Studio Solution File, Format Version 12.00
# Visual Studio Version 18
VisualStudioVersion = 18.1.11312.151 d18.0
MinimumVisualStudioVersion = 10.0.40219.1
Project("{FAE04EC0-301F-11D3-BF4B-00C04F79EFBC}") = "AutoRentalSystem", "AutoRentalSystem.csproj", "{307E5153-53C3-4C5E-A47C-3E1DA8399B8E}"
EndProject
Global
	GlobalSection(SolutionConfigurationPlatforms) = preSolution
		Debug|Any CPU = Debug|Any CPU
		Release|Any CPU = Release|Any CPU
	EndGlobalSection
	GlobalSection(ProjectConfigurationPlatforms) = postSolution
		{307E5153-53C3-4C5E-A47C-3E1DA8399B8E}.Debug|Any CPU.ActiveCfg = Debug|Any CPU
		{307E5153-53C3-4C5E-A47C-3E1DA8399B8E}.Debug|Any CPU.Build.0 = Debug|Any CPU
		{307E5153-53C3-4C5E-A47C-3E1DA8399B8E}.Release|Any CPU.ActiveCfg = Release|Any CPU
		{307E5153-53C3-4C5E-A47C-3E1DA8399B8E}.Release|Any CPU.Build.0 = Release|Any CPU
	EndGlobalSection
	GlobalSection(SolutionProperties) = preSolution
		HideSolutionNode = FALSE
	EndGlobalSection
	GlobalSection(ExtensibilityGlobals) = postSolution
		SolutionGuid = {8F46EB5B-3C54-410C-B7DD-C190A587B4FC}
	EndGlobalSection
EndGlobal
